
Microsoft Visual Studio Solution File, Format Version 11.00
# Visual Studio 2010
Project("{FAE04EC0-301F-11D3-BF4B-00C04F79EFBC}") = "Assembly-CSharp-firstpass", "Assembly-CSharp-firstpass.csproj", "{171B5BDD-963E-7832-9033-A43A8D25780A}"
EndProject
Project("{FAE04EC0-301F-11D3-BF4B-00C04F79EFBC}") = "Assembly-CSharp", "Assembly-CSharp.csproj", "{8C957465-4FE6-9F74-9680-392A277FFE29}"
EndProject
Project("{FAE04EC0-301F-11D3-BF4B-00C04F79EFBC}") = "Assembly-CSharp-Editor-firstpass", "Assembly-CSharp-Editor-firstpass.csproj", "{8A71D28D-0D34-2018-67AF-A405F6632BBC}"
EndProject
Project("{FAE04EC0-301F-11D3-BF4B-00C04F79EFBC}") = "Assembly-CSharp-Editor", "Assembly-CSharp-Editor.csproj", "{D119618C-1A15-0BE7-6454-5760303713E3}"
EndProject
Global
	GlobalSection(SolutionConfigurationPlatforms) = preSolution
		Debug|Any CPU = Debug|Any CPU
		Release|Any CPU = Release|Any CPU
	EndGlobalSection
	GlobalSection(ProjectConfigurationPlatforms) = postSolution
		{171B5BDD-963E-7832-9033-A43A8D25780A}.Debug|Any CPU.ActiveCfg = Debug|Any CPU
		{171B5BDD-963E-7832-9033-A43A8D25780A}.Debug|Any CPU.Build.0 = Debug|Any CPU
		{171B5BDD-963E-7832-9033-A43A8D25780A}.Release|Any CPU.ActiveCfg = Release|Any CPU
		{171B5BDD-963E-7832-9033-A43A8D25780A}.Release|Any CPU.Build.0 = Release|Any CPU
		{8C957465-4FE6-9F74-9680-392A277FFE29}.Debug|Any CPU.ActiveCfg = Debug|Any CPU
		{8C957465-4FE6-9F74-9680-392A277FFE29}.Debug|Any CPU.Build.0 = Debug|Any CPU
		{8C957465-4FE6-9F74-9680-392A277FFE29}.Release|Any CPU.ActiveCfg = Release|Any CPU
		{8C957465-4FE6-9F74-9680-392A277FFE29}.Release|Any CPU.Build.0 = Release|Any CPU
		{8A71D28D-0D34-2018-67AF-A405F6632BBC}.Debug|Any CPU.ActiveCfg = Debug|Any CPU
		{8A71D28D-0D34-2018-67AF-A405F6632BBC}.Debug|Any CPU.Build.0 = Debug|Any CPU
		{8A71D28D-0D34-2018-67AF-A405F6632BBC}.Release|Any CPU.ActiveCfg = Release|Any CPU
		{8A71D28D-0D34-2018-67AF-A405F6632BBC}.Release|Any CPU.Build.0 = Release|Any CPU
		{D119618C-1A15-0BE7-6454-5760303713E3}.Debug|Any CPU.ActiveCfg = Debug|Any CPU
		{D119618C-1A15-0BE7-6454-5760303713E3}.Debug|Any CPU.Build.0 = Debug|Any CPU
		{D119618C-1A15-0BE7-6454-5760303713E3}.Release|Any CPU.ActiveCfg = Release|Any CPU
		{D119618C-1A15-0BE7-6454-5760303713E3}.Release|Any CPU.Build.0 = Release|Any CPU
	EndGlobalSection
	GlobalSection(SolutionProperties) = preSolution
		HideSolutionNode = FALSE
	EndGlobalSection
EndGlobal
